// !$*UTF8*$!
{
	archiveVersion = 1;
	classes = {
	};
	objectVersion = 56;
	objects = {

/* Begin PBXBuildFile section */
		AA000001 /* fileManagerApp.swift in Sources */ = {isa = PBXBuildFile; fileRef = AA000002 /* fileManagerApp.swift */; };
		AA000003 /* ContentView.swift in Sources */ = {isa = PBXBuildFile; fileRef = AA000004 /* ContentView.swift */; };
		AA000005 /* Assets.xcassets in Resources */ = {isa = PBXBuildFile; fileRef = AA000006 /* Assets.xcassets */; };
		AA000007 /* Preview Assets.xcassets in Resources */ = {isa = PBXBuildFile; fileRef = AA000008 /* Preview Assets.xcassets */; };
		AA000009 /* AppState.swift in Sources */ = {isa = PBXBuildFile; fileRef = AA00000A /* AppState.swift */; };
		AA00000B /* FileItem.swift in Sources */ = {isa = PBXBuildFile; fileRef = AA00000C /* FileItem.swift */; };
		AA00000D /* Note.swift in Sources */ = {isa = PBXBuildFile; fileRef = AA00000E /* Note.swift */; };
		AA00000F /* Theme.swift in Sources */ = {isa = PBXBuildFile; fileRef = AA000010 /* Theme.swift */; };
		AA000011 /* HomeView.swift in Sources */ = {isa = PBXBuildFile; fileRef = AA000012 /* HomeView.swift */; };
		AA000013 /* FileExplorerView.swift in Sources */ = {isa = PBXBuildFile; fileRef = AA000014 /* FileExplorerView.swift */; };
		AA000015 /* FilePreviewView.swift in Sources */ = {isa = PBXBuildFile; fileRef = AA000016 /* FilePreviewView.swift */; };
		AA000058 /* FileInfoView.swift in Sources */ = {isa = PBXBuildFile; fileRef = AA000059 /* FileInfoView.swift */; };
		AA000017 /* NotesListView.swift in Sources */ = {isa = PBXBuildFile; fileRef = AA000018 /* NotesListView.swift */; };
		AA000019 /* NoteDetailView.swift in Sources */ = {isa = PBXBuildFile; fileRef = AA00001A /* NoteDetailView.swift */; };
		AA00001B /* NoteEditView.swift in Sources */ = {isa = PBXBuildFile; fileRef = AA00001C /* NoteEditView.swift */; };
		AA00001D /* FileExplorerViewModel.swift in Sources */ = {isa = PBXBuildFile; fileRef = AA00001E /* FileExplorerViewModel.swift */; };
		AA00001F /* NotesListViewModel.swift in Sources */ = {isa = PBXBuildFile; fileRef = AA000020 /* NotesListViewModel.swift */; };
		AA000021 /* NoteDetailViewModel.swift in Sources */ = {isa = PBXBuildFile; fileRef = AA000022 /* NoteDetailViewModel.swift */; };
		AA000023 /* NoteEditViewModel.swift in Sources */ = {isa = PBXBuildFile; fileRef = AA000024 /* NoteEditViewModel.swift */; };
		AA000025 /* NetworkService.swift in Sources */ = {isa = PBXBuildFile; fileRef = AA000026 /* NetworkService.swift */; };
		AA000027 /* ThemeManager.swift in Sources */ = {isa = PBXBuildFile; fileRef = AA000028 /* ThemeManager.swift */; };
		AA000029 /* ThemeExtensions.swift in Sources */ = {isa = PBXBuildFile; fileRef = AA00002A /* ThemeExtensions.swift */; };
		AA000052 /* ServerSettings.swift in Sources */ = {isa = PBXBuildFile; fileRef = AA000051 /* ServerSettings.swift */; };
		AA000053 /* ServerConnectionViewModel.swift in Sources */ = {isa = PBXBuildFile; fileRef = AA000054 /* ServerConnectionViewModel.swift */; };
		AA000055 /* ServerConnectionView.swift in Sources */ = {isa = PBXBuildFile; fileRef = AA000050 /* ServerConnectionView.swift */; };
		AA000056 /* FileInfo.swift in Sources */ = {isa = PBXBuildFile; fileRef = AA000057 /* FileInfo.swift */; };
		AA000060 /* NotificationModel.swift in Sources */ = {isa = PBXBuildFile; fileRef = AA000061 /* NotificationModel.swift */; };
/* End PBXBuildFile section */

/* Begin PBXFileReference section */
		AA000002 /* fileManagerApp.swift */ = {isa = PBXFileReference; lastKnownFileType = sourcecode.swift; path = fileManagerApp.swift; sourceTree = "<group>"; };
		AA000004 /* ContentView.swift */ = {isa = PBXFileReference; lastKnownFileType = sourcecode.swift; path = ContentView.swift; sourceTree = "<group>"; };
		AA000006 /* Assets.xcassets */ = {isa = PBXFileReference; lastKnownFileType = folder.assetcatalog; path = Assets.xcassets; sourceTree = "<group>"; };
		AA000008 /* Preview Assets.xcassets */ = {isa = PBXFileReference; lastKnownFileType = folder.assetcatalog; path = "Preview Assets.xcassets"; sourceTree = "<group>"; };
		AA00000A /* AppState.swift */ = {isa = PBXFileReference; lastKnownFileType = sourcecode.swift; path = AppState.swift; sourceTree = "<group>"; };
		AA00000C /* FileItem.swift */ = {isa = PBXFileReference; lastKnownFileType = sourcecode.swift; path = FileItem.swift; sourceTree = "<group>"; };
		AA00000E /* Note.swift */ = {isa = PBXFileReference; lastKnownFileType = sourcecode.swift; path = Note.swift; sourceTree = "<group>"; };
		AA000010 /* Theme.swift */ = {isa = PBXFileReference; lastKnownFileType = sourcecode.swift; path = Theme.swift; sourceTree = "<group>"; };
		AA000012 /* HomeView.swift */ = {isa = PBXFileReference; lastKnownFileType = sourcecode.swift; path = HomeView.swift; sourceTree = "<group>"; };
		AA000014 /* FileExplorerView.swift */ = {isa = PBXFileReference; lastKnownFileType = sourcecode.swift; path = FileExplorerView.swift; sourceTree = "<group>"; };
		AA000016 /* FilePreviewView.swift */ = {isa = PBXFileReference; lastKnownFileType = sourcecode.swift; path = FilePreviewView.swift; sourceTree = "<group>"; };
		AA000059 /* FileInfoView.swift */ = {isa = PBXFileReference; lastKnownFileType = sourcecode.swift; path = FileInfoView.swift; sourceTree = "<group>"; };
		AA000018 /* NotesListView.swift */ = {isa = PBXFileReference; lastKnownFileType = sourcecode.swift; path = NotesListView.swift; sourceTree = "<group>"; };
		AA00001A /* NoteDetailView.swift */ = {isa = PBXFileReference; lastKnownFileType = sourcecode.swift; path = NoteDetailView.swift; sourceTree = "<group>"; };
		AA00001C /* NoteEditView.swift */ = {isa = PBXFileReference; lastKnownFileType = sourcecode.swift; path = NoteEditView.swift; sourceTree = "<group>"; };
		AA00001E /* FileExplorerViewModel.swift */ = {isa = PBXFileReference; lastKnownFileType = sourcecode.swift; path = FileExplorerViewModel.swift; sourceTree = "<group>"; };
		AA000020 /* NotesListViewModel.swift */ = {isa = PBXFileReference; lastKnownFileType = sourcecode.swift; path = NotesListViewModel.swift; sourceTree = "<group>"; };
		AA000022 /* NoteDetailViewModel.swift */ = {isa = PBXFileReference; lastKnownFileType = sourcecode.swift; path = NoteDetailViewModel.swift; sourceTree = "<group>"; };
		AA000024 /* NoteEditViewModel.swift */ = {isa = PBXFileReference; lastKnownFileType = sourcecode.swift; path = NoteEditViewModel.swift; sourceTree = "<group>"; };
		AA000026 /* NetworkService.swift */ = {isa = PBXFileReference; lastKnownFileType = sourcecode.swift; path = NetworkService.swift; sourceTree = "<group>"; };
		AA000028 /* ThemeManager.swift */ = {isa = PBXFileReference; lastKnownFileType = sourcecode.swift; path = ThemeManager.swift; sourceTree = "<group>"; };
		AA00002A /* ThemeExtensions.swift */ = {isa = PBXFileReference; lastKnownFileType = sourcecode.swift; path = ThemeExtensions.swift; sourceTree = "<group>"; };
		AA00002B /* fileManager.app */ = {isa = PBXFileReference; explicitFileType = wrapper.application; includeInIndex = 0; path = fileManager.app; sourceTree = BUILT_PRODUCTS_DIR; };
		AA000051 /* ServerSettings.swift */ = {isa = PBXFileReference; lastKnownFileType = sourcecode.swift; path = ServerSettings.swift; sourceTree = "<group>"; };
		AA000054 /* ServerConnectionViewModel.swift */ = {isa = PBXFileReference; lastKnownFileType = sourcecode.swift; path = ServerConnectionViewModel.swift; sourceTree = "<group>"; };
		AA000050 /* ServerConnectionView.swift */ = {isa = PBXFileReference; lastKnownFileType = sourcecode.swift; path = ServerConnectionView.swift; sourceTree = "<group>"; };
		AA000057 /* FileInfo.swift */ = {isa = PBXFileReference; lastKnownFileType = sourcecode.swift; path = FileInfo.swift; sourceTree = "<group>"; };
		AA000061 /* NotificationModel.swift */ = {isa = PBXFileReference; lastKnownFileType = sourcecode.swift; path = NotificationModel.swift; sourceTree = "<group>"; };
		AA00002C /* Info.plist */ = {isa = PBXFileReference; lastKnownFileType = text.plist.xml; path = Info.plist; sourceTree = "<group>"; };
		AA00002D /* Config.xcconfig */ = {isa = PBXFileReference; lastKnownFileType = text.xcconfig; path = Config.xcconfig; sourceTree = "<group>"; };
/* End PBXFileReference section */

/* Begin PBXFrameworksBuildPhase section */
		AA00002E /* Frameworks */ = {
			isa = PBXFrameworksBuildPhase;
			buildActionMask = 2147483647;
			files = (
			);
			runOnlyForDeploymentPostprocessing = 0;
		};
/* End PBXFrameworksBuildPhase section */

/* Begin PBXGroup section */
		AA00002F = {
			isa = PBXGroup;
			children = (
				AA00002D /* Config.xcconfig */,
				AA000030 /* fileManager */,
				AA000031 /* Products */,
			);
			sourceTree = "<group>";
		};
		AA000030 /* fileManager */ = {
			isa = PBXGroup;
			children = (
				AA000032 /* App */,
				AA000033 /* Models */,
				AA000034 /* Views */,
				AA000035 /* ViewModels */,
				AA000036 /* Services */,
				AA000037 /* Managers */,
				AA000038 /* Utilities */,
				AA000006 /* Assets.xcassets */,
				AA00002C /* Info.plist */,
				AA000039 /* Preview Content */,
			);
			path = fileManager;
			sourceTree = "<group>";
		};
		AA000031 /* Products */ = {
			isa = PBXGroup;
			children = (
				AA00002B /* fileManager.app */,
			);
			name = Products;
			sourceTree = "<group>";
		};
		AA000032 /* App */ = {
			isa = PBXGroup;
			children = (
				AA000002 /* fileManagerApp.swift */,
				AA000004 /* ContentView.swift */,
			);
			path = App;
			sourceTree = "<group>";
		};
		AA000033 /* Models */ = {
			isa = PBXGroup;
			children = (
				AA00000A /* AppState.swift */,
				AA00000C /* FileItem.swift */,
				AA00000E /* Note.swift */,
				AA000010 /* Theme.swift */,
				AA000051 /* ServerSettings.swift */,
				AA000057 /* FileInfo.swift */,
				AA000061 /* NotificationModel.swift */,
			);
			path = Models;
			sourceTree = "<group>";
		};
		AA000034 /* Views */ = {
			isa = PBXGroup;
			children = (
				AA00003A /* Home */,
				AA00003B /* FileExplorer */,
				AA00003C /* Notes */,
				AA000034A /* ServerConnection */,
			);
			path = Views;
			sourceTree = "<group>";
		};
		AA000034A /* ServerConnection */ = {
			isa = PBXGroup;
			children = (
				AA000050 /* ServerConnectionView.swift */,
			);
			path = ServerConnection;
			sourceTree = "<group>";
		};
		AA000035 /* ViewModels */ = {
			isa = PBXGroup;
			children = (
				AA00001E /* FileExplorerViewModel.swift */,
				AA000020 /* NotesListViewModel.swift */,
				AA000022 /* NoteDetailViewModel.swift */,
				AA000024 /* NoteEditViewModel.swift */,
				AA000054 /* ServerConnectionViewModel.swift */,
			);
			path = ViewModels;
			sourceTree = "<group>";
		};
		AA000036 /* Services */ = {
			isa = PBXGroup;
			children = (
				AA000026 /* NetworkService.swift */,
			);
			path = Services;
			sourceTree = "<group>";
		};
		AA000037 /* Managers */ = {
			isa = PBXGroup;
			children = (
				AA000028 /* ThemeManager.swift */,
			);
			path = Managers;
			sourceTree = "<group>";
		};
		AA000038 /* Utilities */ = {
			isa = PBXGroup;
			children = (
				AA00002A /* ThemeExtensions.swift */,
			);
			path = Utilities;
			sourceTree = "<group>";
		};
		AA000039 /* Preview Content */ = {
			isa = PBXGroup;
			children = (
				AA000008 /* Preview Assets.xcassets */,
			);
			path = "Preview Content";
			sourceTree = "<group>";
		};
		AA00003A /* Home */ = {
			isa = PBXGroup;
			children = (
				AA000012 /* HomeView.swift */,
			);
			path = Home;
			sourceTree = "<group>";
		};
		AA00003B /* FileExplorer */ = {
			isa = PBXGroup;
			children = (
				AA000014 /* FileExplorerView.swift */,
				AA000016 /* FilePreviewView.swift */,
				AA000059 /* FileInfoView.swift */,
			);
			path = FileExplorer;
			sourceTree = "<group>";
		};
		AA00003C /* Notes */ = {
			isa = PBXGroup;
			children = (
				AA000018 /* NotesListView.swift */,
				AA00001A /* NoteDetailView.swift */,
				AA00001C /* NoteEditView.swift */,
			);
			path = Notes;
			sourceTree = "<group>";
		};
/* End PBXGroup section */

/* Begin PBXNativeTarget section */
		AA00003D /* fileManager */ = {
			isa = PBXNativeTarget;
			buildConfigurationList = AA00003E /* Build configuration list for PBXNativeTarget "fileManager" */;
			buildPhases = (
				AA00003F /* Sources */,
				AA00002E /* Frameworks */,
				AA000040 /* Resources */,
			);
			buildRules = (
			);
			dependencies = (
			);
			name = fileManager;
			productName = fileManager;
			productReference = AA00002B /* fileManager.app */;
			productType = "com.apple.product-type.application";
		};
/* End PBXNativeTarget section */

/* Begin PBXProject section */
		AA000041 /* Project object */ = {
			isa = PBXProject;
			attributes = {
				BuildIndependentTargetsInParallel = 1;
				LastSwiftUpdateCheck = 1500;
				LastUpgradeCheck = 2620;
			};
			buildConfigurationList = AA000042 /* Build configuration list for PBXProject "fileManager" */;
			compatibilityVersion = "Xcode 14.0";
			developmentRegion = en;
			hasScannedForEncodings = 0;
			knownRegions = (
				en,
				Base,
			);
			mainGroup = AA00002F;
			productRefGroup = AA000031 /* Products */;
			projectDirPath = "";
			projectRoot = "";
			targets = (
				AA00003D /* fileManager */,
			);
		};
/* End PBXProject section */

/* Begin PBXResourcesBuildPhase section */
		AA000040 /* Resources */ = {
			isa = PBXResourcesBuildPhase;
			buildActionMask = 2147483647;
			files = (
				AA000007 /* Preview Assets.xcassets in Resources */,
				AA000005 /* Assets.xcassets in Resources */,
			);
			runOnlyForDeploymentPostprocessing = 0;
		};
/* End PBXResourcesBuildPhase section */

/* Begin PBXSourcesBuildPhase section */
		AA00003F /* Sources */ = {
			isa = PBXSourcesBuildPhase;
			buildActionMask = 2147483647;
			files = (
				AA000003 /* ContentView.swift in Sources */,
				AA000001 /* fileManagerApp.swift in Sources */,
				AA000009 /* AppState.swift in Sources */,
				AA00000B /* FileItem.swift in Sources */,
				AA00000D /* Note.swift in Sources */,
				AA00000F /* Theme.swift in Sources */,
				AA000011 /* HomeView.swift in Sources */,
				AA000013 /* FileExplorerView.swift in Sources */,
				AA000015 /* FilePreviewView.swift in Sources */,
				AA000017 /* NotesListView.swift in Sources */,
				AA000019 /* NoteDetailView.swift in Sources */,
				AA00001B /* NoteEditView.swift in Sources */,
				AA00001D /* FileExplorerViewModel.swift in Sources */,
				AA00001F /* NotesListViewModel.swift in Sources */,
				AA000021 /* NoteDetailViewModel.swift in Sources */,
				AA000023 /* NoteEditViewModel.swift in Sources */,
				AA000025 /* NetworkService.swift in Sources */,
				AA000027 /* ThemeManager.swift in Sources */,
				AA000029 /* ThemeExtensions.swift in Sources */,
				AA000052 /* ServerSettings.swift in Sources */,
				AA000053 /* ServerConnectionViewModel.swift in Sources */,
				AA000055 /* ServerConnectionView.swift in Sources */,
				AA000058 /* FileInfoView.swift in Sources */,
				AA000056 /* FileInfo.swift in Sources */,
				AA000060 /* NotificationModel.swift in Sources */,
			);
			runOnlyForDeploymentPostprocessing = 0;
		};
/* End PBXSourcesBuildPhase section */

/* Begin XCBuildConfiguration section */
		AA000043 /* Debug */ = {
			isa = XCBuildConfiguration;
			buildSettings = {
				ALWAYS_SEARCH_USER_PATHS = NO;
				ASSETCATALOG_COMPILER_GENERATE_SWIFT_ASSET_SYMBOL_EXTENSIONS = YES;
				CLANG_ANALYZER_NONNULL = YES;
				CLANG_ANALYZER_NUMBER_OBJECT_CONVERSION = YES_AGGRESSIVE;
				CLANG_CXX_LANGUAGE_STANDARD = "gnu++20";
				CLANG_ENABLE_MODULES = YES;
				CLANG_ENABLE_OBJC_ARC = YES;
				CLANG_ENABLE_OBJC_WEAK = YES;
				CLANG_WARN_BLOCK_CAPTURE_AUTORELEASING = YES;
				CLANG_WARN_BOOL_CONVERSION = YES;
				CLANG_WARN_COMMA = YES;
				CLANG_WARN_CONSTANT_CONVERSION = YES;
				CLANG_WARN_DEPRECATED_OBJC_IMPLEMENTATIONS = YES;
				CLANG_WARN_DIRECT_OBJC_ISA_USAGE = YES_ERROR;
				CLANG_WARN_DOCUMENTATION_COMMENTS = YES;
				CLANG_WARN_EMPTY_BODY = YES;
				CLANG_WARN_ENUM_CONVERSION = YES;
				CLANG_WARN_INFINITE_RECURSION = YES;
				CLANG_WARN_INT_CONVERSION = YES;
				CLANG_WARN_NON_LITERAL_NULL_CONVERSION = YES;
				CLANG_WARN_OBJC_IMPLICIT_RETAIN_SELF = YES;
				CLANG_WARN_OBJC_LITERAL_CONVERSION = YES;
				CLANG_WARN_OBJC_ROOT_CLASS = YES_ERROR;
				CLANG_WARN_QUOTED_INCLUDE_IN_FRAMEWORK_HEADER = YES;
				CLANG_WARN_RANGE_LOOP_ANALYSIS = YES;
				CLANG_WARN_STRICT_PROTOTYPES = YES;
				CLANG_WARN_SUSPICIOUS_MOVE = YES;
				CLANG_WARN_UNGUARDED_AVAILABILITY = YES_AGGRESSIVE;
				CLANG_WARN_UNREACHABLE_CODE = YES;
				CLANG_WARN__DUPLICATE_METHOD_MATCH = YES;
				COPY_PHASE_STRIP = NO;
				DEBUG_INFORMATION_FORMAT = dwarf;
				DEVELOPMENT_TEAM = XU6HPZD7BL;
				ENABLE_STRICT_OBJC_MSGSEND = YES;
				ENABLE_TESTABILITY = YES;
				ENABLE_USER_SCRIPT_SANDBOXING = YES;
				GCC_C_LANGUAGE_STANDARD = gnu17;
				GCC_DYNAMIC_NO_PIC = NO;
				GCC_NO_COMMON_BLOCKS = YES;
				GCC_OPTIMIZATION_LEVEL = 0;
				GCC_PREPROCESSOR_DEFINITIONS = (
					"DEBUG=1",
					"$(inherited)",
				);
				GCC_WARN_64_TO_32_BIT_CONVERSION = YES;
				GCC_WARN_ABOUT_RETURN_TYPE = YES_ERROR;
				GCC_WARN_UNDECLARED_SELECTOR = YES;
				GCC_WARN_UNINITIALIZED_AUTOS = YES_AGGRESSIVE;
				GCC_WARN_UNUSED_FUNCTION = YES;
				GCC_WARN_UNUSED_VARIABLE = YES;
				IPHONEOS_DEPLOYMENT_TARGET = 18.0;
				LOCALIZATION_PREFERS_STRING_CATALOGS = YES;
				MTL_ENABLE_DEBUG_INFO = INCLUDE_SOURCE;
				MTL_FAST_MATH = YES;
				ONLY_ACTIVE_ARCH = YES;
				SDKROOT = iphoneos;
				STRING_CATALOG_GENERATE_SYMBOLS = YES;
				SWIFT_ACTIVE_COMPILATION_CONDITIONS = "DEBUG $(inherited)";
				SWIFT_OPTIMIZATION_LEVEL = "-Onone";
			};
			name = Debug;
		};
		AA000044 /* Release */ = {
			isa = XCBuildConfiguration;
			buildSettings = {
				ALWAYS_SEARCH_USER_PATHS = NO;
				ASSETCATALOG_COMPILER_GENERATE_SWIFT_ASSET_SYMBOL_EXTENSIONS = YES;
				CLANG_ANALYZER_NONNULL = YES;
				CLANG_ANALYZER_NUMBER_OBJECT_CONVERSION = YES_AGGRESSIVE;
				CLANG_CXX_LANGUAGE_STANDARD = "gnu++20";
				CLANG_ENABLE_MODULES = YES;
				CLANG_ENABLE_OBJC_ARC = YES;
				CLANG_ENABLE_OBJC_WEAK = YES;
				CLANG_WARN_BLOCK_CAPTURE_AUTORELEASING = YES;
				CLANG_WARN_BOOL_CONVERSION = YES;
				CLANG_WARN_COMMA = YES;
				CLANG_WARN_CONSTANT_CONVERSION = YES;
				CLANG_WARN_DEPRECATED_OBJC_IMPLEMENTATIONS = YES;
				CLANG_WARN_DIRECT_OBJC_ISA_USAGE = YES_ERROR;
				CLANG_WARN_DOCUMENTATION_COMMENTS = YES;
				CLANG_WARN_EMPTY_BODY = YES;
				CLANG_WARN_ENUM_CONVERSION = YES;
				CLANG_WARN_INFINITE_RECURSION = YES;
				CLANG_WARN_INT_CONVERSION = YES;
				CLANG_WARN_NON_LITERAL_NULL_CONVERSION = YES;
				CLANG_WARN_OBJC_IMPLICIT_RETAIN_SELF = YES;
				CLANG_WARN_OBJC_LITERAL_CONVERSION = YES;
				CLANG_WARN_OBJC_ROOT_CLASS = YES_ERROR;
				CLANG_WARN_QUOTED_INCLUDE_IN_FRAMEWORK_HEADER = YES;
				CLANG_WARN_RANGE_LOOP_ANALYSIS = YES;
				CLANG_WARN_STRICT_PROTOTYPES = YES;
				CLANG_WARN_SUSPICIOUS_MOVE = YES;
				CLANG_WARN_UNGUARDED_AVAILABILITY = YES_AGGRESSIVE;
				CLANG_WARN_UNREACHABLE_CODE = YES;
				CLANG_WARN__DUPLICATE_METHOD_MATCH = YES;
				COPY_PHASE_STRIP = NO;
				DEBUG_INFORMATION_FORMAT = "dwarf-with-dsym";
				DEVELOPMENT_TEAM = XU6HPZD7BL;
				ENABLE_NS_ASSERTIONS = NO;
				ENABLE_STRICT_OBJC_MSGSEND = YES;
				ENABLE_USER_SCRIPT_SANDBOXING = YES;
				GCC_C_LANGUAGE_STANDARD = gnu17;
				GCC_NO_COMMON_BLOCKS = YES;
				GCC_WARN_64_TO_32_BIT_CONVERSION = YES;
				GCC_WARN_ABOUT_RETURN_TYPE = YES_ERROR;
				GCC_WARN_UNDECLARED_SELECTOR = YES;
				GCC_WARN_UNINITIALIZED_AUTOS = YES_AGGRESSIVE;
				GCC_WARN_UNUSED_FUNCTION = YES;
				GCC_WARN_UNUSED_VARIABLE = YES;
				IPHONEOS_DEPLOYMENT_TARGET = 18.0;
				LOCALIZATION_PREFERS_STRING_CATALOGS = YES;
				MTL_ENABLE_DEBUG_INFO = NO;
				MTL_FAST_MATH = YES;
				SDKROOT = iphoneos;
				STRING_CATALOG_GENERATE_SYMBOLS = YES;
				SWIFT_COMPILATION_MODE = wholemodule;
				VALIDATE_PRODUCT = YES;
			};
			name = Release;
		};
		AA000045 /* Debug */ = {
			isa = XCBuildConfiguration;
			baseConfigurationReference = AA00002D /* Config.xcconfig */;
			buildSettings = {
				ASSETCATALOG_COMPILER_APPICON_NAME = AppIcon;
				ASSETCATALOG_COMPILER_GLOBAL_ACCENT_COLOR_NAME = AccentColor;
				CODE_SIGN_STYLE = Automatic;
				CURRENT_PROJECT_VERSION = 1;
				GENERATE_INFOPLIST_FILE = NO;
				INFOPLIST_FILE = fileManager/Info.plist;
				INFOPLIST_KEY_CFBundleDisplayName = FileManager;
				INFOPLIST_KEY_LSApplicationCategoryType = "public.app-category.developer-tools";
				INFOPLIST_KEY_UIApplicationSceneManifest_Generation = YES;
				INFOPLIST_KEY_UIApplicationSupportsIndirectInputEvents = YES;
				INFOPLIST_KEY_UILaunchScreen_Generation = YES;
				INFOPLIST_KEY_UISupportedInterfaceOrientations_iPad = "UIInterfaceOrientationPortrait UIInterfaceOrientationPortraitUpsideDown UIInterfaceOrientationLandscapeLeft UIInterfaceOrientationLandscapeRight";
				INFOPLIST_KEY_UISupportedInterfaceOrientations_iPhone = "UIInterfaceOrientationPortrait UIInterfaceOrientationLandscapeLeft UIInterfaceOrientationLandscapeRight";
				LD_RUNPATH_SEARCH_PATHS = (
					"$(inherited)",
					"@executable_path/Frameworks",
				);
				MARKETING_VERSION = 1.0;
				PRODUCT_BUNDLE_IDENTIFIER = store.niox.filemanager;
				PRODUCT_NAME = "$(TARGET_NAME)";
				SWIFT_EMIT_LOC_STRINGS = YES;
				SWIFT_VERSION = 5.0;
				TARGETED_DEVICE_FAMILY = "1,2";
			};
			name = Debug;
		};
		AA000046 /* Release */ = {
			isa = XCBuildConfiguration;
			baseConfigurationReference = AA00002D /* Config.xcconfig */;
			buildSettings = {
				ASSETCATALOG_COMPILER_APPICON_NAME = AppIcon;
				ASSETCATALOG_COMPILER_GLOBAL_ACCENT_COLOR_NAME = AccentColor;
				CODE_SIGN_STYLE = Automatic;
				CURRENT_PROJECT_VERSION = 1;
				GENERATE_INFOPLIST_FILE = NO;
				INFOPLIST_FILE = fileManager/Info.plist;
				INFOPLIST_KEY_CFBundleDisplayName = FileManager;
				INFOPLIST_KEY_LSApplicationCategoryType = "public.app-category.developer-tools";
				INFOPLIST_KEY_UIApplicationSceneManifest_Generation = YES;
				INFOPLIST_KEY_UIApplicationSupportsIndirectInputEvents = YES;
				INFOPLIST_KEY_UILaunchScreen_Generation = YES;
				INFOPLIST_KEY_UISupportedInterfaceOrientations_iPad = "UIInterfaceOrientationPortrait UIInterfaceOrientationPortraitUpsideDown UIInterfaceOrientationLandscapeLeft UIInterfaceOrientationLandscapeRight";
				INFOPLIST_KEY_UISupportedInterfaceOrientations_iPhone = "UIInterfaceOrientationPortrait UIInterfaceOrientationLandscapeLeft UIInterfaceOrientationLandscapeRight";
				LD_RUNPATH_SEARCH_PATHS = (
					"$(inherited)",
					"@executable_path/Frameworks",
				);
				MARKETING_VERSION = 1.0;
				PRODUCT_BUNDLE_IDENTIFIER = store.niox.filemanager;
				PRODUCT_NAME = "$(TARGET_NAME)";
				SWIFT_EMIT_LOC_STRINGS = YES;
				SWIFT_VERSION = 5.0;
				TARGETED_DEVICE_FAMILY = "1,2";
			};
			name = Release;
		};
/* End XCBuildConfiguration section */

/* Begin XCConfigurationList section */
		AA00003E /* Build configuration list for PBXNativeTarget "fileManager" */ = {
			isa = XCConfigurationList;
			buildConfigurations = (
				AA000045 /* Debug */,
				AA000046 /* Release */,
			);
			defaultConfigurationIsVisible = 0;
			defaultConfigurationName = Release;
		};
		AA000042 /* Build configuration list for PBXProject "fileManager" */ = {
			isa = XCConfigurationList;
			buildConfigurations = (
				AA000043 /* Debug */,
				AA000044 /* Release */,
			);
			defaultConfigurationIsVisible = 0;
			defaultConfigurationName = Release;
		};
/* End XCConfigurationList section */
	};
	rootObject = AA000041 /* Project object */;
}
